
Microsoft Visual Studio Solution File, Format Version 12.00
# Visual Studio 15
VisualStudioVersion = 15.0.26124.0
MinimumVisualStudioVersion = 15.0.26124.0
Project("{2150E333-8FDC-42A3-9474-1A3956D46DE8}") = "src", "src", "{D359FCCF-4A69-4357-AB84-D9F93C5A5D5D}"
EndProject
Project("{F2A71F9B-5D33-465A-A702-920D77279786}") = "BlackFox.CommandLine", "src\BlackFox.CommandLine\BlackFox.CommandLine.fsproj", "{AEBF6413-3C9A-42F0-B5AC-97F2748471EB}"
EndProject
Project("{FAE04EC0-301F-11D3-BF4B-00C04F79EFBC}") = "BlackFox.CommandLine.TestParsers", "src\BlackFox.CommandLine.TestParsers\BlackFox.CommandLine.TestParsers.csproj", "{A88B93E4-C328-4310-A58F-00719BBF2867}"
EndProject
Project("{F2A71F9B-5D33-465A-A702-920D77279786}") = "BlackFox.Fake.BuildTask", "src\BlackFox.Fake.BuildTask\BlackFox.Fake.BuildTask.fsproj", "{6EFC0E74-15E0-46AE-A73C-49AE8A67AC9F}"
EndProject
Project("{F2A71F9B-5D33-465A-A702-920D77279786}") = "BlackFox.FoxSharp.Build", "src\BlackFox.FoxSharp.Build\BlackFox.FoxSharp.Build.fsproj", "{A267BDEB-3D4F-4395-871B-4E2B906C368D}"
EndProject
Project("{F2A71F9B-5D33-465A-A702-920D77279786}") = "BlackFox.FoxSharp.Tests", "src\BlackFox.FoxSharp.Tests\BlackFox.FoxSharp.Tests.fsproj", "{EC62CE07-818B-4520-A214-39E03A474485}"
EndProject
Project("{F2A71F9B-5D33-465A-A702-920D77279786}") = "BlackFox.JavaPropertiesFile", "src\BlackFox.JavaPropertiesFile\BlackFox.JavaPropertiesFile.fsproj", "{892A9DB4-B277-4B88-8BCE-0A245E7F2A2B}"
EndProject
Project("{F2A71F9B-5D33-465A-A702-920D77279786}") = "BlackFox.PathEnvironment", "src\BlackFox.PathEnvironment\BlackFox.PathEnvironment.fsproj", "{77E2AED0-A9CE-4E85-B461-0DFCA5B77194}"
EndProject
Project("{F2A71F9B-5D33-465A-A702-920D77279786}") = "BlackFox.VsWhere", "src\BlackFox.VsWhere\BlackFox.VsWhere.fsproj", "{540EDBC6-17EE-4E66-8917-BD278BCA579E}"
EndProject
Global
	GlobalSection(SolutionConfigurationPlatforms) = preSolution
		Debug|Any CPU = Debug|Any CPU
		Debug|x64 = Debug|x64
		Debug|x86 = Debug|x86
		Release|Any CPU = Release|Any CPU
		Release|x64 = Release|x64
		Release|x86 = Release|x86
	EndGlobalSection
	GlobalSection(SolutionProperties) = preSolution
		HideSolutionNode = FALSE
	EndGlobalSection
	GlobalSection(ProjectConfigurationPlatforms) = postSolution
		{AEBF6413-3C9A-42F0-B5AC-97F2748471EB}.Debug|Any CPU.ActiveCfg = Debug|Any CPU
		{AEBF6413-3C9A-42F0-B5AC-97F2748471EB}.Debug|Any CPU.Build.0 = Debug|Any CPU
		{AEBF6413-3C9A-42F0-B5AC-97F2748471EB}.Debug|x64.ActiveCfg = Debug|Any CPU
		{AEBF6413-3C9A-42F0-B5AC-97F2748471EB}.Debug|x64.Build.0 = Debug|Any CPU
		{AEBF6413-3C9A-42F0-B5AC-97F2748471EB}.Debug|x86.ActiveCfg = Debug|Any CPU
		{AEBF6413-3C9A-42F0-B5AC-97F2748471EB}.Debug|x86.Build.0 = Debug|Any CPU
		{AEBF6413-3C9A-42F0-B5AC-97F2748471EB}.Release|Any CPU.ActiveCfg = Release|Any CPU
		{AEBF6413-3C9A-42F0-B5AC-97F2748471EB}.Release|Any CPU.Build.0 = Release|Any CPU
		{AEBF6413-3C9A-42F0-B5AC-97F2748471EB}.Release|x64.ActiveCfg = Release|Any CPU
		{AEBF6413-3C9A-42F0-B5AC-97F2748471EB}.Release|x64.Build.0 = Release|Any CPU
		{AEBF6413-3C9A-42F0-B5AC-97F2748471EB}.Release|x86.ActiveCfg = Release|Any CPU
		{AEBF6413-3C9A-42F0-B5AC-97F2748471EB}.Release|x86.Build.0 = Release|Any CPU
		{A88B93E4-C328-4310-A58F-00719BBF2867}.Debug|Any CPU.ActiveCfg = Debug|Any CPU
		{A88B93E4-C328-4310-A58F-00719BBF2867}.Debug|Any CPU.Build.0 = Debug|Any CPU
		{A88B93E4-C328-4310-A58F-00719BBF2867}.Debug|x64.ActiveCfg = Debug|Any CPU
		{A88B93E4-C328-4310-A58F-00719BBF2867}.Debug|x64.Build.0 = Debug|Any CPU
		{A88B93E4-C328-4310-A58F-00719BBF2867}.Debug|x86.ActiveCfg = Debug|Any CPU
		{A88B93E4-C328-4310-A58F-00719BBF2867}.Debug|x86.Build.0 = Debug|Any CPU
		{A88B93E4-C328-4310-A58F-00719BBF2867}.Release|Any CPU.ActiveCfg = Release|Any CPU
		{A88B93E4-C328-4310-A58F-00719BBF2867}.Release|Any CPU.Build.0 = Release|Any CPU
		{A88B93E4-C328-4310-A58F-00719BBF2867}.Release|x64.ActiveCfg = Release|Any CPU
		{A88B93E4-C328-4310-A58F-00719BBF2867}.Release|x64.Build.0 = Release|Any CPU
		{A88B93E4-C328-4310-A58F-00719BBF2867}.Release|x86.ActiveCfg = Release|Any CPU
		{A88B93E4-C328-4310-A58F-00719BBF2867}.Release|x86.Build.0 = Release|Any CPU
		{6EFC0E74-15E0-46AE-A73C-49AE8A67AC9F}.Debug|Any CPU.ActiveCfg = Debug|Any CPU
		{6EFC0E74-15E0-46AE-A73C-49AE8A67AC9F}.Debug|Any CPU.Build.0 = Debug|Any CPU
		{6EFC0E74-15E0-46AE-A73C-49AE8A67AC9F}.Debug|x64.ActiveCfg = Debug|Any CPU
		{6EFC0E74-15E0-46AE-A73C-49AE8A67AC9F}.Debug|x64.Build.0 = Debug|Any CPU
		{6EFC0E74-15E0-46AE-A73C-49AE8A67AC9F}.Debug|x86.ActiveCfg = Debug|Any CPU
		{6EFC0E74-15E0-46AE-A73C-49AE8A67AC9F}.Debug|x86.Build.0 = Debug|Any CPU
		{6EFC0E74-15E0-46AE-A73C-49AE8A67AC9F}.Release|Any CPU.ActiveCfg = Release|Any CPU
		{6EFC0E74-15E0-46AE-A73C-49AE8A67AC9F}.Release|Any CPU.Build.0 = Release|Any CPU
		{6EFC0E74-15E0-46AE-A73C-49AE8A67AC9F}.Release|x64.ActiveCfg = Release|Any CPU
		{6EFC0E74-15E0-46AE-A73C-49AE8A67AC9F}.Release|x64.Build.0 = Release|Any CPU
		{6EFC0E74-15E0-46AE-A73C-49AE8A67AC9F}.Release|x86.ActiveCfg = Release|Any CPU
		{6EFC0E74-15E0-46AE-A73C-49AE8A67AC9F}.Release|x86.Build.0 = Release|Any CPU
		{A267BDEB-3D4F-4395-871B-4E2B906C368D}.Debug|Any CPU.ActiveCfg = Debug|Any CPU
		{A267BDEB-3D4F-4395-871B-4E2B906C368D}.Debug|Any CPU.Build.0 = Debug|Any CPU
		{A267BDEB-3D4F-4395-871B-4E2B906C368D}.Debug|x64.ActiveCfg = Debug|Any CPU
		{A267BDEB-3D4F-4395-871B-4E2B906C368D}.Debug|x64.Build.0 = Debug|Any CPU
		{A267BDEB-3D4F-4395-871B-4E2B906C368D}.Debug|x86.ActiveCfg = Debug|Any CPU
		{A267BDEB-3D4F-4395-871B-4E2B906C368D}.Debug|x86.Build.0 = Debug|Any CPU
		{A267BDEB-3D4F-4395-871B-4E2B906C368D}.Release|Any CPU.ActiveCfg = Release|Any CPU
		{A267BDEB-3D4F-4395-871B-4E2B906C368D}.Release|Any CPU.Build.0 = Release|Any CPU
		{A267BDEB-3D4F-4395-871B-4E2B906C368D}.Release|x64.ActiveCfg = Release|Any CPU
		{A267BDEB-3D4F-4395-871B-4E2B906C368D}.Release|x64.Build.0 = Release|Any CPU
		{A267BDEB-3D4F-4395-871B-4E2B906C368D}.Release|x86.ActiveCfg = Release|Any CPU
		{A267BDEB-3D4F-4395-871B-4E2B906C368D}.Release|x86.Build.0 = Release|Any CPU
		{EC62CE07-818B-4520-A214-39E03A474485}.Debug|Any CPU.ActiveCfg = Debug|Any CPU
		{EC62CE07-818B-4520-A214-39E03A474485}.Debug|Any CPU.Build.0 = Debug|Any CPU
		{EC62CE07-818B-4520-A214-39E03A474485}.Debug|x64.ActiveCfg = Debug|Any CPU
		{EC62CE07-818B-4520-A214-39E03A474485}.Debug|x64.Build.0 = Debug|Any CPU
		{EC62CE07-818B-4520-A214-39E03A474485}.Debug|x86.ActiveCfg = Debug|Any CPU
		{EC62CE07-818B-4520-A214-39E03A474485}.Debug|x86.Build.0 = Debug|Any CPU
		{EC62CE07-818B-4520-A214-39E03A474485}.Release|Any CPU.ActiveCfg = Release|Any CPU
		{EC62CE07-818B-4520-A214-39E03A474485}.Release|Any CPU.Build.0 = Release|Any CPU
		{EC62CE07-818B-4520-A214-39E03A474485}.Release|x64.ActiveCfg = Release|Any CPU
		{EC62CE07-818B-4520-A214-39E03A474485}.Release|x64.Build.0 = Release|Any CPU
		{EC62CE07-818B-4520-A214-39E03A474485}.Release|x86.ActiveCfg = Release|Any CPU
		{EC62CE07-818B-4520-A214-39E03A474485}.Release|x86.Build.0 = Release|Any CPU
		{892A9DB4-B277-4B88-8BCE-0A245E7F2A2B}.Debug|Any CPU.ActiveCfg = Debug|Any CPU
		{892A9DB4-B277-4B88-8BCE-0A245E7F2A2B}.Debug|Any CPU.Build.0 = Debug|Any CPU
		{892A9DB4-B277-4B88-8BCE-0A245E7F2A2B}.Debug|x64.ActiveCfg = Debug|Any CPU
		{892A9DB4-B277-4B88-8BCE-0A245E7F2A2B}.Debug|x64.Build.0 = Debug|Any CPU
		{892A9DB4-B277-4B88-8BCE-0A245E7F2A2B}.Debug|x86.ActiveCfg = Debug|Any CPU
		{892A9DB4-B277-4B88-8BCE-0A245E7F2A2B}.Debug|x86.Build.0 = Debug|Any CPU
		{892A9DB4-B277-4B88-8BCE-0A245E7F2A2B}.Release|Any CPU.ActiveCfg = Release|Any CPU
		{892A9DB4-B277-4B88-8BCE-0A245E7F2A2B}.Release|Any CPU.Build.0 = Release|Any CPU
		{892A9DB4-B277-4B88-8BCE-0A245E7F2A2B}.Release|x64.ActiveCfg = Release|Any CPU
		{892A9DB4-B277-4B88-8BCE-0A245E7F2A2B}.Release|x64.Build.0 = Release|Any CPU
		{892A9DB4-B277-4B88-8BCE-0A245E7F2A2B}.Release|x86.ActiveCfg = Release|Any CPU
		{892A9DB4-B277-4B88-8BCE-0A245E7F2A2B}.Release|x86.Build.0 = Release|Any CPU
		{77E2AED0-A9CE-4E85-B461-0DFCA5B77194}.Debug|Any CPU.ActiveCfg = Debug|Any CPU
		{77E2AED0-A9CE-4E85-B461-0DFCA5B77194}.Debug|Any CPU.Build.0 = Debug|Any CPU
		{77E2AED0-A9CE-4E85-B461-0DFCA5B77194}.Debug|x64.ActiveCfg = Debug|Any CPU
		{77E2AED0-A9CE-4E85-B461-0DFCA5B77194}.Debug|x64.Build.0 = Debug|Any CPU
		{77E2AED0-A9CE-4E85-B461-0DFCA5B77194}.Debug|x86.ActiveCfg = Debug|Any CPU
		{77E2AED0-A9CE-4E85-B461-0DFCA5B77194}.Debug|x86.Build.0 = Debug|Any CPU
		{77E2AED0-A9CE-4E85-B461-0DFCA5B77194}.Release|Any CPU.ActiveCfg = Release|Any CPU
		{77E2AED0-A9CE-4E85-B461-0DFCA5B77194}.Release|Any CPU.Build.0 = Release|Any CPU
		{77E2AED0-A9CE-4E85-B461-0DFCA5B77194}.Release|x64.ActiveCfg = Release|Any CPU
		{77E2AED0-A9CE-4E85-B461-0DFCA5B77194}.Release|x64.Build.0 = Release|Any CPU
		{77E2AED0-A9CE-4E85-B461-0DFCA5B77194}.Release|x86.ActiveCfg = Release|Any CPU
		{77E2AED0-A9CE-4E85-B461-0DFCA5B77194}.Release|x86.Build.0 = Release|Any CPU
		{540EDBC6-17EE-4E66-8917-BD278BCA579E}.Debug|Any CPU.ActiveCfg = Debug|Any CPU
		{540EDBC6-17EE-4E66-8917-BD278BCA579E}.Debug|Any CPU.Build.0 = Debug|Any CPU
		{540EDBC6-17EE-4E66-8917-BD278BCA579E}.Debug|x64.ActiveCfg = Debug|Any CPU
		{540EDBC6-17EE-4E66-8917-BD278BCA579E}.Debug|x64.Build.0 = Debug|Any CPU
		{540EDBC6-17EE-4E66-8917-BD278BCA579E}.Debug|x86.ActiveCfg = Debug|Any CPU
		{540EDBC6-17EE-4E66-8917-BD278BCA579E}.Debug|x86.Build.0 = Debug|Any CPU
		{540EDBC6-17EE-4E66-8917-BD278BCA579E}.Release|Any CPU.ActiveCfg = Release|Any CPU
		{540EDBC6-17EE-4E66-8917-BD278BCA579E}.Release|Any CPU.Build.0 = Release|Any CPU
		{540EDBC6-17EE-4E66-8917-BD278BCA579E}.Release|x64.ActiveCfg = Release|Any CPU
		{540EDBC6-17EE-4E66-8917-BD278BCA579E}.Release|x64.Build.0 = Release|Any CPU
		{540EDBC6-17EE-4E66-8917-BD278BCA579E}.Release|x86.ActiveCfg = Release|Any CPU
		{540EDBC6-17EE-4E66-8917-BD278BCA579E}.Release|x86.Build.0 = Release|Any CPU
	EndGlobalSection
	GlobalSection(NestedProjects) = preSolution
		{AEBF6413-3C9A-42F0-B5AC-97F2748471EB} = {D359FCCF-4A69-4357-AB84-D9F93C5A5D5D}
		{A88B93E4-C328-4310-A58F-00719BBF2867} = {D359FCCF-4A69-4357-AB84-D9F93C5A5D5D}
		{6EFC0E74-15E0-46AE-A73C-49AE8A67AC9F} = {D359FCCF-4A69-4357-AB84-D9F93C5A5D5D}
		{A267BDEB-3D4F-4395-871B-4E2B906C368D} = {D359FCCF-4A69-4357-AB84-D9F93C5A5D5D}
		{EC62CE07-818B-4520-A214-39E03A474485} = {D359FCCF-4A69-4357-AB84-D9F93C5A5D5D}
		{892A9DB4-B277-4B88-8BCE-0A245E7F2A2B} = {D359FCCF-4A69-4357-AB84-D9F93C5A5D5D}
		{77E2AED0-A9CE-4E85-B461-0DFCA5B77194} = {D359FCCF-4A69-4357-AB84-D9F93C5A5D5D}
		{540EDBC6-17EE-4E66-8917-BD278BCA579E} = {D359FCCF-4A69-4357-AB84-D9F93C5A5D5D}
	EndGlobalSection
EndGlobal
